// !$*UTF8*$!
{
	archiveVersion = 1;
	classes = {
	};
	objectVersion = 50;
	objects = {

/* Begin PBXBuildFile section */
		D135A4FD267958EF003DC216 /* AfricaApp_SwiftUIApp.swift in Sources */ = {isa = PBXBuildFile; fileRef = D135A4FC267958EF003DC216 /* AfricaApp_SwiftUIApp.swift */; };
		D135A4FF267958EF003DC216 /* ContentView.swift in Sources */ = {isa = PBXBuildFile; fileRef = D135A4FE267958EF003DC216 /* ContentView.swift */; };
		D135A501267958FD003DC216 /* Assets.xcassets in Resources */ = {isa = PBXBuildFile; fileRef = D135A500267958FD003DC216 /* Assets.xcassets */; };
		D135A504267958FD003DC216 /* Preview Assets.xcassets in Resources */ = {isa = PBXBuildFile; fileRef = D135A503267958FD003DC216 /* Preview Assets.xcassets */; };
		D135A516267D453B003DC216 /* hippo.mp4 in Resources */ = {isa = PBXBuildFile; fileRef = D135A50C267D453A003DC216 /* hippo.mp4 */; };
		D135A517267D453B003DC216 /* ostrich.mp4 in Resources */ = {isa = PBXBuildFile; fileRef = D135A50D267D453A003DC216 /* ostrich.mp4 */; };
		D135A518267D453B003DC216 /* lion.mp4 in Resources */ = {isa = PBXBuildFile; fileRef = D135A50E267D453A003DC216 /* lion.mp4 */; };
		D135A519267D453B003DC216 /* zebra.mp4 in Resources */ = {isa = PBXBuildFile; fileRef = D135A50F267D453A003DC216 /* zebra.mp4 */; };
		D135A51A267D453B003DC216 /* elephant.mp4 in Resources */ = {isa = PBXBuildFile; fileRef = D135A510267D453A003DC216 /* elephant.mp4 */; };
		D135A51B267D453B003DC216 /* gorilla.mp4 in Resources */ = {isa = PBXBuildFile; fileRef = D135A511267D453A003DC216 /* gorilla.mp4 */; };
		D135A51C267D453B003DC216 /* lioness.mp4 in Resources */ = {isa = PBXBuildFile; fileRef = D135A512267D453A003DC216 /* lioness.mp4 */; };
		D135A51D267D453B003DC216 /* cheetah.mp4 in Resources */ = {isa = PBXBuildFile; fileRef = D135A513267D453A003DC216 /* cheetah.mp4 */; };
		D135A51E267D453B003DC216 /* giraffe.mp4 in Resources */ = {isa = PBXBuildFile; fileRef = D135A514267D453B003DC216 /* giraffe.mp4 */; };
		D135A51F267D453B003DC216 /* rhino.mp4 in Resources */ = {isa = PBXBuildFile; fileRef = D135A515267D453B003DC216 /* rhino.mp4 */; };
		D135A525267D45D9003DC216 /* locations.json in Resources */ = {isa = PBXBuildFile; fileRef = D135A521267D45D8003DC216 /* locations.json */; };
		D135A526267D45D9003DC216 /* animals.json in Resources */ = {isa = PBXBuildFile; fileRef = D135A522267D45D8003DC216 /* animals.json */; };
		D135A527267D45D9003DC216 /* covers.json in Resources */ = {isa = PBXBuildFile; fileRef = D135A523267D45D9003DC216 /* covers.json */; };
		D135A528267D45D9003DC216 /* videos.json in Resources */ = {isa = PBXBuildFile; fileRef = D135A524267D45D9003DC216 /* videos.json */; };
		D135A52B2683E344003DC216 /* VideoListView.swift in Sources */ = {isa = PBXBuildFile; fileRef = D135A52A2683E344003DC216 /* VideoListView.swift */; };
		D135A52D2683E362003DC216 /* MapView.swift in Sources */ = {isa = PBXBuildFile; fileRef = D135A52C2683E362003DC216 /* MapView.swift */; };
		D135A52F2683E372003DC216 /* GalleyView.swift in Sources */ = {isa = PBXBuildFile; fileRef = D135A52E2683E372003DC216 /* GalleyView.swift */; };
		D135A5312683E39D003DC216 /* MainView.swift in Sources */ = {isa = PBXBuildFile; fileRef = D135A5302683E39D003DC216 /* MainView.swift */; };
		D1FDEB3F26979F0200CD3A2F /* CoverImageView.swift in Sources */ = {isa = PBXBuildFile; fileRef = D1FDEB3E26979F0200CD3A2F /* CoverImageView.swift */; };
		D1FDEB422697A4CE00CD3A2F /* CoverImageModel.swift in Sources */ = {isa = PBXBuildFile; fileRef = D1FDEB412697A4CE00CD3A2F /* CoverImageModel.swift */; };
/* End PBXBuildFile section */

/* Begin PBXFileReference section */
		D135A4F9267958EF003DC216 /* AfricaApp-SwiftUI.app */ = {isa = PBXFileReference; explicitFileType = wrapper.application; includeInIndex = 0; path = "AfricaApp-SwiftUI.app"; sourceTree = BUILT_PRODUCTS_DIR; };
		D135A4FC267958EF003DC216 /* AfricaApp_SwiftUIApp.swift */ = {isa = PBXFileReference; lastKnownFileType = sourcecode.swift; path = AfricaApp_SwiftUIApp.swift; sourceTree = "<group>"; };
		D135A4FE267958EF003DC216 /* ContentView.swift */ = {isa = PBXFileReference; lastKnownFileType = sourcecode.swift; path = ContentView.swift; sourceTree = "<group>"; };
		D135A500267958FD003DC216 /* Assets.xcassets */ = {isa = PBXFileReference; lastKnownFileType = folder.assetcatalog; path = Assets.xcassets; sourceTree = "<group>"; };
		D135A503267958FD003DC216 /* Preview Assets.xcassets */ = {isa = PBXFileReference; lastKnownFileType = folder.assetcatalog; path = "Preview Assets.xcassets"; sourceTree = "<group>"; };
		D135A505267958FD003DC216 /* Info.plist */ = {isa = PBXFileReference; lastKnownFileType = text.plist.xml; path = Info.plist; sourceTree = "<group>"; };
		D135A50C267D453A003DC216 /* hippo.mp4 */ = {isa = PBXFileReference; lastKnownFileType = file; path = hippo.mp4; sourceTree = "<group>"; };
		D135A50D267D453A003DC216 /* ostrich.mp4 */ = {isa = PBXFileReference; lastKnownFileType = file; path = ostrich.mp4; sourceTree = "<group>"; };
		D135A50E267D453A003DC216 /* lion.mp4 */ = {isa = PBXFileReference; lastKnownFileType = file; path = lion.mp4; sourceTree = "<group>"; };
		D135A50F267D453A003DC216 /* zebra.mp4 */ = {isa = PBXFileReference; lastKnownFileType = file; path = zebra.mp4; sourceTree = "<group>"; };
		D135A510267D453A003DC216 /* elephant.mp4 */ = {isa = PBXFileReference; lastKnownFileType = file; path = elephant.mp4; sourceTree = "<group>"; };
		D135A511267D453A003DC216 /* gorilla.mp4 */ = {isa = PBXFileReference; lastKnownFileType = file; path = gorilla.mp4; sourceTree = "<group>"; };
		D135A512267D453A003DC216 /* lioness.mp4 */ = {isa = PBXFileReference; lastKnownFileType = file; path = lioness.mp4; sourceTree = "<group>"; };
		D135A513267D453A003DC216 /* cheetah.mp4 */ = {isa = PBXFileReference; lastKnownFileType = file; path = cheetah.mp4; sourceTree = "<group>"; };
		D135A514267D453B003DC216 /* giraffe.mp4 */ = {isa = PBXFileReference; lastKnownFileType = file; path = giraffe.mp4; sourceTree = "<group>"; };
		D135A515267D453B003DC216 /* rhino.mp4 */ = {isa = PBXFileReference; lastKnownFileType = file; path = rhino.mp4; sourceTree = "<group>"; };
		D135A521267D45D8003DC216 /* locations.json */ = {isa = PBXFileReference; fileEncoding = 4; lastKnownFileType = text.json; path = locations.json; sourceTree = "<group>"; };
		D135A522267D45D8003DC216 /* animals.json */ = {isa = PBXFileReference; fileEncoding = 4; lastKnownFileType = text.json; path = animals.json; sourceTree = "<group>"; };
		D135A523267D45D9003DC216 /* covers.json */ = {isa = PBXFileReference; fileEncoding = 4; lastKnownFileType = text.json; path = covers.json; sourceTree = "<group>"; };
		D135A524267D45D9003DC216 /* videos.json */ = {isa = PBXFileReference; fileEncoding = 4; lastKnownFileType = text.json; path = videos.json; sourceTree = "<group>"; };
		D135A52A2683E344003DC216 /* VideoListView.swift */ = {isa = PBXFileReference; lastKnownFileType = sourcecode.swift; path = VideoListView.swift; sourceTree = "<group>"; };
		D135A52C2683E362003DC216 /* MapView.swift */ = {isa = PBXFileReference; lastKnownFileType = sourcecode.swift; path = MapView.swift; sourceTree = "<group>"; };
		D135A52E2683E372003DC216 /* GalleyView.swift */ = {isa = PBXFileReference; lastKnownFileType = sourcecode.swift; path = GalleyView.swift; sourceTree = "<group>"; };
		D135A5302683E39D003DC216 /* MainView.swift */ = {isa = PBXFileReference; lastKnownFileType = sourcecode.swift; path = MainView.swift; sourceTree = "<group>"; };
		D1FDEB3E26979F0200CD3A2F /* CoverImageView.swift */ = {isa = PBXFileReference; lastKnownFileType = sourcecode.swift; path = CoverImageView.swift; sourceTree = "<group>"; };
		D1FDEB412697A4CE00CD3A2F /* CoverImageModel.swift */ = {isa = PBXFileReference; lastKnownFileType = sourcecode.swift; path = CoverImageModel.swift; sourceTree = "<group>"; };
/* End PBXFileReference section */

/* Begin PBXFrameworksBuildPhase section */
		D135A4F6267958EF003DC216 /* Frameworks */ = {
			isa = PBXFrameworksBuildPhase;
			buildActionMask = 2147483647;
			files = (
			);
			runOnlyForDeploymentPostprocessing = 0;
		};
/* End PBXFrameworksBuildPhase section */

/* Begin PBXGroup section */
		D135A4F0267958EF003DC216 = {
			isa = PBXGroup;
			children = (
				D135A4FB267958EF003DC216 /* AfricaApp-SwiftUI */,
				D135A4FA267958EF003DC216 /* Products */,
			);
			sourceTree = "<group>";
		};
		D135A4FA267958EF003DC216 /* Products */ = {
			isa = PBXGroup;
			children = (
				D135A4F9267958EF003DC216 /* AfricaApp-SwiftUI.app */,
			);
			name = Products;
			sourceTree = "<group>";
		};
		D135A4FB267958EF003DC216 /* AfricaApp-SwiftUI */ = {
			isa = PBXGroup;
			children = (
				D1FDEB402697A49E00CD3A2F /* Model */,
				D1FDEB3D26979EC200CD3A2F /* View */,
				D135A520267D45C1003DC216 /* Data */,
				D135A50B267D451F003DC216 /* Video */,
				D135A5292683E301003DC216 /* App */,
				D135A500267958FD003DC216 /* Assets.xcassets */,
				D135A505267958FD003DC216 /* Info.plist */,
				D135A502267958FD003DC216 /* Preview Content */,
			);
			path = "AfricaApp-SwiftUI";
			sourceTree = "<group>";
		};
		D135A502267958FD003DC216 /* Preview Content */ = {
			isa = PBXGroup;
			children = (
				D135A503267958FD003DC216 /* Preview Assets.xcassets */,
			);
			path = "Preview Content";
			sourceTree = "<group>";
		};
		D135A50B267D451F003DC216 /* Video */ = {
			isa = PBXGroup;
			children = (
				D135A513267D453A003DC216 /* cheetah.mp4 */,
				D135A510267D453A003DC216 /* elephant.mp4 */,
				D135A514267D453B003DC216 /* giraffe.mp4 */,
				D135A511267D453A003DC216 /* gorilla.mp4 */,
				D135A50C267D453A003DC216 /* hippo.mp4 */,
				D135A50E267D453A003DC216 /* lion.mp4 */,
				D135A512267D453A003DC216 /* lioness.mp4 */,
				D135A50D267D453A003DC216 /* ostrich.mp4 */,
				D135A515267D453B003DC216 /* rhino.mp4 */,
				D135A50F267D453A003DC216 /* zebra.mp4 */,
			);
			path = Video;
			sourceTree = "<group>";
		};
		D135A520267D45C1003DC216 /* Data */ = {
			isa = PBXGroup;
			children = (
				D135A522267D45D8003DC216 /* animals.json */,
				D135A523267D45D9003DC216 /* covers.json */,
				D135A521267D45D8003DC216 /* locations.json */,
				D135A524267D45D9003DC216 /* videos.json */,
			);
			path = Data;
			sourceTree = "<group>";
		};
		D135A5292683E301003DC216 /* App */ = {
			isa = PBXGroup;
			children = (
				D135A4FC267958EF003DC216 /* AfricaApp_SwiftUIApp.swift */,
				D135A4FE267958EF003DC216 /* ContentView.swift */,
				D135A52A2683E344003DC216 /* VideoListView.swift */,
				D135A52C2683E362003DC216 /* MapView.swift */,
				D135A52E2683E372003DC216 /* GalleyView.swift */,
				D135A5302683E39D003DC216 /* MainView.swift */,
			);
			path = App;
			sourceTree = "<group>";
		};
		D1FDEB3D26979EC200CD3A2F /* View */ = {
			isa = PBXGroup;
			children = (
				D1FDEB3E26979F0200CD3A2F /* CoverImageView.swift */,
			);
			path = View;
			sourceTree = "<group>";
		};
		D1FDEB402697A49E00CD3A2F /* Model */ = {
			isa = PBXGroup;
			children = (
				D1FDEB412697A4CE00CD3A2F /* CoverImageModel.swift */,
			);
			path = Model;
			sourceTree = "<group>";
		};
/* End PBXGroup section */

/* Begin PBXNativeTarget section */
		D135A4F8267958EF003DC216 /* AfricaApp-SwiftUI */ = {
			isa = PBXNativeTarget;
			buildConfigurationList = D135A508267958FD003DC216 /* Build configuration list for PBXNativeTarget "AfricaApp-SwiftUI" */;
			buildPhases = (
				D135A4F5267958EF003DC216 /* Sources */,
				D135A4F6267958EF003DC216 /* Frameworks */,
				D135A4F7267958EF003DC216 /* Resources */,
			);
			buildRules = (
			);
			dependencies = (
			);
			name = "AfricaApp-SwiftUI";
			productName = "AfricaApp-SwiftUI";
			productReference = D135A4F9267958EF003DC216 /* AfricaApp-SwiftUI.app */;
			productType = "com.apple.product-type.application";
		};
/* End PBXNativeTarget section */

/* Begin PBXProject section */
		D135A4F1267958EF003DC216 /* Project object */ = {
			isa = PBXProject;
			attributes = {
				LastSwiftUpdateCheck = 1250;
				LastUpgradeCheck = 1250;
				TargetAttributes = {
					D135A4F8267958EF003DC216 = {
						CreatedOnToolsVersion = 12.5;
					};
				};
			};
			buildConfigurationList = D135A4F4267958EF003DC216 /* Build configuration list for PBXProject "AfricaApp-SwiftUI" */;
			compatibilityVersion = "Xcode 9.3";
			developmentRegion = en;
			hasScannedForEncodings = 0;
			knownRegions = (
				en,
				Base,
			);
			mainGroup = D135A4F0267958EF003DC216;
			productRefGroup = D135A4FA267958EF003DC216 /* Products */;
			projectDirPath = "";
			projectRoot = "";
			targets = (
				D135A4F8267958EF003DC216 /* AfricaApp-SwiftUI */,
			);
		};
/* End PBXProject section */

/* Begin PBXResourcesBuildPhase section */
		D135A4F7267958EF003DC216 /* Resources */ = {
			isa = PBXResourcesBuildPhase;
			buildActionMask = 2147483647;
			files = (
				D135A525267D45D9003DC216 /* locations.json in Resources */,
				D135A51F267D453B003DC216 /* rhino.mp4 in Resources */,
				D135A504267958FD003DC216 /* Preview Assets.xcassets in Resources */,
				D135A516267D453B003DC216 /* hippo.mp4 in Resources */,
				D135A51C267D453B003DC216 /* lioness.mp4 in Resources */,
				D135A517267D453B003DC216 /* ostrich.mp4 in Resources */,
				D135A518267D453B003DC216 /* lion.mp4 in Resources */,
				D135A526267D45D9003DC216 /* animals.json in Resources */,
				D135A51B267D453B003DC216 /* gorilla.mp4 in Resources */,
				D135A51E267D453B003DC216 /* giraffe.mp4 in Resources */,
				D135A527267D45D9003DC216 /* covers.json in Resources */,
				D135A51D267D453B003DC216 /* cheetah.mp4 in Resources */,
				D135A51A267D453B003DC216 /* elephant.mp4 in Resources */,
				D135A528267D45D9003DC216 /* videos.json in Resources */,
				D135A519267D453B003DC216 /* zebra.mp4 in Resources */,
				D135A501267958FD003DC216 /* Assets.xcassets in Resources */,
			);
			runOnlyForDeploymentPostprocessing = 0;
		};
/* End PBXResourcesBuildPhase section */

/* Begin PBXSourcesBuildPhase section */
		D135A4F5267958EF003DC216 /* Sources */ = {
			isa = PBXSourcesBuildPhase;
			buildActionMask = 2147483647;
			files = (
				D135A4FF267958EF003DC216 /* ContentView.swift in Sources */,
				D135A5312683E39D003DC216 /* MainView.swift in Sources */,
				D1FDEB3F26979F0200CD3A2F /* CoverImageView.swift in Sources */,
				D1FDEB422697A4CE00CD3A2F /* CoverImageModel.swift in Sources */,
				D135A52D2683E362003DC216 /* MapView.swift in Sources */,
				D135A52F2683E372003DC216 /* GalleyView.swift in Sources */,
				D135A4FD267958EF003DC216 /* AfricaApp_SwiftUIApp.swift in Sources */,
				D135A52B2683E344003DC216 /* VideoListView.swift in Sources */,
			);
			runOnlyForDeploymentPostprocessing = 0;
		};
/* End PBXSourcesBuildPhase section */

/* Begin XCBuildConfiguration section */
		D135A506267958FD003DC216 /* Debug */ = {
			isa = XCBuildConfiguration;
			buildSettings = {
				ALWAYS_SEARCH_USER_PATHS = NO;
				CLANG_ANALYZER_NONNULL = YES;
				CLANG_ANALYZER_NUMBER_OBJECT_CONVERSION = YES_AGGRESSIVE;
				CLANG_CXX_LANGUAGE_STANDARD = "gnu++14";
				CLANG_CXX_LIBRARY = "libc++";
				CLANG_ENABLE_MODULES = YES;
				CLANG_ENABLE_OBJC_ARC = YES;
				CLANG_ENABLE_OBJC_WEAK = YES;
				CLANG_WARN_BLOCK_CAPTURE_AUTORELEASING = YES;
				CLANG_WARN_BOOL_CONVERSION = YES;
				CLANG_WARN_COMMA = YES;
				CLANG_WARN_CONSTANT_CONVERSION = YES;
				CLANG_WARN_DEPRECATED_OBJC_IMPLEMENTATIONS = YES;
				CLANG_WARN_DIRECT_OBJC_ISA_USAGE = YES_ERROR;
				CLANG_WARN_DOCUMENTATION_COMMENTS = YES;
				CLANG_WARN_EMPTY_BODY = YES;
				CLANG_WARN_ENUM_CONVERSION = YES;
				CLANG_WARN_INFINITE_RECURSION = YES;
				CLANG_WARN_INT_CONVERSION = YES;
				CLANG_WARN_NON_LITERAL_NULL_CONVERSION = YES;
				CLANG_WARN_OBJC_IMPLICIT_RETAIN_SELF = YES;
				CLANG_WARN_OBJC_LITERAL_CONVERSION = YES;
				CLANG_WARN_OBJC_ROOT_CLASS = YES_ERROR;
				CLANG_WARN_QUOTED_INCLUDE_IN_FRAMEWORK_HEADER = YES;
				CLANG_WARN_RANGE_LOOP_ANALYSIS = YES;
				CLANG_WARN_STRICT_PROTOTYPES = YES;
				CLANG_WARN_SUSPICIOUS_MOVE = YES;
				CLANG_WARN_UNGUARDED_AVAILABILITY = YES_AGGRESSIVE;
				CLANG_WARN_UNREACHABLE_CODE = YES;
				CLANG_WARN__DUPLICATE_METHOD_MATCH = YES;
				COPY_PHASE_STRIP = NO;
				DEBUG_INFORMATION_FORMAT = dwarf;
				ENABLE_STRICT_OBJC_MSGSEND = YES;
				ENABLE_TESTABILITY = YES;
				GCC_C_LANGUAGE_STANDARD = gnu11;
				GCC_DYNAMIC_NO_PIC = NO;
				GCC_NO_COMMON_BLOCKS = YES;
				GCC_OPTIMIZATION_LEVEL = 0;
				GCC_PREPROCESSOR_DEFINITIONS = (
					"DEBUG=1",
					"$(inherited)",
				);
				GCC_WARN_64_TO_32_BIT_CONVERSION = YES;
				GCC_WARN_ABOUT_RETURN_TYPE = YES_ERROR;
				GCC_WARN_UNDECLARED_SELECTOR = YES;
				GCC_WARN_UNINITIALIZED_AUTOS = YES_AGGRESSIVE;
				GCC_WARN_UNUSED_FUNCTION = YES;
				GCC_WARN_UNUSED_VARIABLE = YES;
				IPHONEOS_DEPLOYMENT_TARGET = 14.5;
				MTL_ENABLE_DEBUG_INFO = INCLUDE_SOURCE;
				MTL_FAST_MATH = YES;
				ONLY_ACTIVE_ARCH = YES;
				SDKROOT = iphoneos;
				SWIFT_ACTIVE_COMPILATION_CONDITIONS = DEBUG;
				SWIFT_OPTIMIZATION_LEVEL = "-Onone";
			};
			name = Debug;
		};
		D135A507267958FD003DC216 /* Release */ = {
			isa = XCBuildConfiguration;
			buildSettings = {
				ALWAYS_SEARCH_USER_PATHS = NO;
				CLANG_ANALYZER_NONNULL = YES;
				CLANG_ANALYZER_NUMBER_OBJECT_CONVERSION = YES_AGGRESSIVE;
				CLANG_CXX_LANGUAGE_STANDARD = "gnu++14";
				CLANG_CXX_LIBRARY = "libc++";
				CLANG_ENABLE_MODULES = YES;
				CLANG_ENABLE_OBJC_ARC = YES;
				CLANG_ENABLE_OBJC_WEAK = YES;
				CLANG_WARN_BLOCK_CAPTURE_AUTORELEASING = YES;
				CLANG_WARN_BOOL_CONVERSION = YES;
				CLANG_WARN_COMMA = YES;
				CLANG_WARN_CONSTANT_CONVERSION = YES;
				CLANG_WARN_DEPRECATED_OBJC_IMPLEMENTATIONS = YES;
				CLANG_WARN_DIRECT_OBJC_ISA_USAGE = YES_ERROR;
				CLANG_WARN_DOCUMENTATION_COMMENTS = YES;
				CLANG_WARN_EMPTY_BODY = YES;
				CLANG_WARN_ENUM_CONVERSION = YES;
				CLANG_WARN_INFINITE_RECURSION = YES;
				CLANG_WARN_INT_CONVERSION = YES;
				CLANG_WARN_NON_LITERAL_NULL_CONVERSION = YES;
				CLANG_WARN_OBJC_IMPLICIT_RETAIN_SELF = YES;
				CLANG_WARN_OBJC_LITERAL_CONVERSION = YES;
				CLANG_WARN_OBJC_ROOT_CLASS = YES_ERROR;
				CLANG_WARN_QUOTED_INCLUDE_IN_FRAMEWORK_HEADER = YES;
				CLANG_WARN_RANGE_LOOP_ANALYSIS = YES;
				CLANG_WARN_STRICT_PROTOTYPES = YES;
				CLANG_WARN_SUSPICIOUS_MOVE = YES;
				CLANG_WARN_UNGUARDED_AVAILABILITY = YES_AGGRESSIVE;
				CLANG_WARN_UNREACHABLE_CODE = YES;
				CLANG_WARN__DUPLICATE_METHOD_MATCH = YES;
				COPY_PHASE_STRIP = NO;
				DEBUG_INFORMATION_FORMAT = "dwarf-with-dsym";
				ENABLE_NS_ASSERTIONS = NO;
				ENABLE_STRICT_OBJC_MSGSEND = YES;
				GCC_C_LANGUAGE_STANDARD = gnu11;
				GCC_NO_COMMON_BLOCKS = YES;
				GCC_WARN_64_TO_32_BIT_CONVERSION = YES;
				GCC_WARN_ABOUT_RETURN_TYPE = YES_ERROR;
				GCC_WARN_UNDECLARED_SELECTOR = YES;
				GCC_WARN_UNINITIALIZED_AUTOS = YES_AGGRESSIVE;
				GCC_WARN_UNUSED_FUNCTION = YES;
				GCC_WARN_UNUSED_VARIABLE = YES;
				IPHONEOS_DEPLOYMENT_TARGET = 14.5;
				MTL_ENABLE_DEBUG_INFO = NO;
				MTL_FAST_MATH = YES;
				SDKROOT = iphoneos;
				SWIFT_COMPILATION_MODE = wholemodule;
				SWIFT_OPTIMIZATION_LEVEL = "-O";
				VALIDATE_PRODUCT = YES;
			};
			name = Release;
		};
		D135A509267958FD003DC216 /* Debug */ = {
			isa = XCBuildConfiguration;
			buildSettings = {
				ASSETCATALOG_COMPILER_APPICON_NAME = AppIcon;
				ASSETCATALOG_COMPILER_GLOBAL_ACCENT_COLOR_NAME = AccentColor;
				CODE_SIGN_STYLE = Automatic;
				DEVELOPMENT_ASSET_PATHS = "\"AfricaApp-SwiftUI/Preview Content\"";
				DEVELOPMENT_TEAM = Z56UVR5Q3Z;
				ENABLE_PREVIEWS = YES;
				INFOPLIST_FILE = "AfricaApp-SwiftUI/Info.plist";
				IPHONEOS_DEPLOYMENT_TARGET = 14.0;
				LD_RUNPATH_SEARCH_PATHS = (
					"$(inherited)",
					"@executable_path/Frameworks",
				);
				PRODUCT_BUNDLE_IDENTIFIER = "com.justynakowalkowska.AfricaApp-SwiftUI";
				PRODUCT_NAME = "$(TARGET_NAME)";
				SWIFT_VERSION = 5.0;
				TARGETED_DEVICE_FAMILY = "1,2";
			};
			name = Debug;
		};
		D135A50A267958FD003DC216 /* Release */ = {
			isa = XCBuildConfiguration;
			buildSettings = {
				ASSETCATALOG_COMPILER_APPICON_NAME = AppIcon;
				ASSETCATALOG_COMPILER_GLOBAL_ACCENT_COLOR_NAME = AccentColor;
				CODE_SIGN_STYLE = Automatic;
				DEVELOPMENT_ASSET_PATHS = "\"AfricaApp-SwiftUI/Preview Content\"";
				DEVELOPMENT_TEAM = Z56UVR5Q3Z;
				ENABLE_PREVIEWS = YES;
				INFOPLIST_FILE = "AfricaApp-SwiftUI/Info.plist";
				IPHONEOS_DEPLOYMENT_TARGET = 14.0;
				LD_RUNPATH_SEARCH_PATHS = (
					"$(inherited)",
					"@executable_path/Frameworks",
				);
				PRODUCT_BUNDLE_IDENTIFIER = "com.justynakowalkowska.AfricaApp-SwiftUI";
				PRODUCT_NAME = "$(TARGET_NAME)";
				SWIFT_VERSION = 5.0;
				TARGETED_DEVICE_FAMILY = "1,2";
			};
			name = Release;
		};
/* End XCBuildConfiguration section */

/* Begin XCConfigurationList section */
		D135A4F4267958EF003DC216 /* Build configuration list for PBXProject "AfricaApp-SwiftUI" */ = {
			isa = XCConfigurationList;
			buildConfigurations = (
				D135A506267958FD003DC216 /* Debug */,
				D135A507267958FD003DC216 /* Release */,
			);
			defaultConfigurationIsVisible = 0;
			defaultConfigurationName = Release;
		};
		D135A508267958FD003DC216 /* Build configuration list for PBXNativeTarget "AfricaApp-SwiftUI" */ = {
			isa = XCConfigurationList;
			buildConfigurations = (
				D135A509267958FD003DC216 /* Debug */,
				D135A50A267958FD003DC216 /* Release */,
			);
			defaultConfigurationIsVisible = 0;
			defaultConfigurationName = Release;
		};
/* End XCConfigurationList section */
	};
	rootObject = D135A4F1267958EF003DC216 /* Project object */;
}
